{
  "name": "project1",
  "version": "1.0.0",
  "lockfileVersion": 1,
  "requires": true,
  "dependencies": {
    "air-port-codes-node": {
      "version": "1.3.7",
      "resolved": "https://registry.npmjs.org/air-port-codes-node/-/air-port-codes-node-1.3.7.tgz",
      "integrity": "sha512-jHB5Q6V5gCuClX1N7Cb2FGuQUqQF0CddQ4LgzMhmAdby99QV6ZNg775M6SCqdFrdGlwBHBYBZxiLaUKEia3QBw=="
    }
  }
}
